// !$*UTF8*$!
{
	archiveVersion = 1;
	classes = {
	};
	objectVersion = 77;
	objects = {

/* Begin PBXContainerItemProxy section */
		B02359492D9109AB007B65A7 /* PBXContainerItemProxy */ = {
			isa = PBXContainerItemProxy;
			containerPortal = B02359302D9109A9007B65A7 /* Project object */;
			proxyType = 1;
			remoteGlobalIDString = B02359372D9109AA007B65A7;
			remoteInfo = finentialv1;
		};
		B02359532D9109AB007B65A7 /* PBXContainerItemProxy */ = {
			isa = PBXContainerItemProxy;
			containerPortal = B02359302D9109A9007B65A7 /* Project object */;
			proxyType = 1;
			remoteGlobalIDString = B02359372D9109AA007B65A7;
			remoteInfo = finentialv1;
		};
/* End PBXContainerItemProxy section */

/* Begin PBXFileReference section */
		B02359382D9109AA007B65A7 /* finentialv1.app */ = {isa = PBXFileReference; explicitFileType = wrapper.application; includeInIndex = 0; path = finentialv1.app; sourceTree = BUILT_PRODUCTS_DIR; };
		B02359482D9109AB007B65A7 /* finentialv1Tests.xctest */ = {isa = PBXFileReference; explicitFileType = wrapper.cfbundle; includeInIndex = 0; path = finentialv1Tests.xctest; sourceTree = BUILT_PRODUCTS_DIR; };
		B02359522D9109AB007B65A7 /* finentialv1UITests.xctest */ = {isa = PBXFileReference; explicitFileType = wrapper.cfbundle; includeInIndex = 0; path = finentialv1UITests.xctest; sourceTree = BUILT_PRODUCTS_DIR; };
		B0D8827F2DD431D30052CD3F /* finentialv1.xcodeproj */ = {isa = PBXFileReference; lastKnownFileType = "wrapper.pb-project"; path = finentialv1.xcodeproj; sourceTree = "<group>"; };
/* End PBXFileReference section */

/* Begin PBXFileSystemSynchronizedRootGroup section */
		B023593A2D9109AA007B65A7 /* finentialv1 */ = {
			isa = PBXFileSystemSynchronizedRootGroup;
			path = finentialv1;
			sourceTree = "<group>";
		};
		B023594B2D9109AB007B65A7 /* finentialv1Tests */ = {
			isa = PBXFileSystemSynchronizedRootGroup;
			path = finentialv1Tests;
			sourceTree = "<group>";
		};
		B02359552D9109AB007B65A7 /* finentialv1UITests */ = {
			isa = PBXFileSystemSynchronizedRootGroup;
			path = finentialv1UITests;
			sourceTree = "<group>";
		};
/* End PBXFileSystemSynchronizedRootGroup section */

/* Begin PBXFrameworksBuildPhase section */
		B02359352D9109AA007B65A7 /* Frameworks */ = {
			isa = PBXFrameworksBuildPhase;
			buildActionMask = 2147483647;
			files = (
			);
			runOnlyForDeploymentPostprocessing = 0;
		};
		B02359452D9109AB007B65A7 /* Frameworks */ = {
			isa = PBXFrameworksBuildPhase;
			buildActionMask = 2147483647;
			files = (
			);
			runOnlyForDeploymentPostprocessing = 0;
		};
		B023594F2D9109AB007B65A7 /* Frameworks */ = {
			isa = PBXFrameworksBuildPhase;
			buildActionMask = 2147483647;
			files = (
			);
			runOnlyForDeploymentPostprocessing = 0;
		};
/* End PBXFrameworksBuildPhase section */

/* Begin PBXGroup section */
		B023592F2D9109A9007B65A7 = {
			isa = PBXGroup;
			children = (
				B023593A2D9109AA007B65A7 /* finentialv1 */,
				B023594B2D9109AB007B65A7 /* finentialv1Tests */,
				B02359552D9109AB007B65A7 /* finentialv1UITests */,
				B02359392D9109AA007B65A7 /* Products */,
			);
			sourceTree = "<group>";
		};
		B02359392D9109AA007B65A7 /* Products */ = {
			isa = PBXGroup;
			children = (
				B02359382D9109AA007B65A7 /* finentialv1.app */,
				B02359482D9109AB007B65A7 /* finentialv1Tests.xctest */,
				B02359522D9109AB007B65A7 /* finentialv1UITests.xctest */,
			);
			name = Products;
			sourceTree = "<group>";
		};
		B0D882802DD431D30052CD3F /* Products */ = {
			isa = PBXGroup;
			children = (
			);
			name = Products;
			sourceTree = "<group>";
		};
/* End PBXGroup section */

/* Begin PBXNativeTarget section */
		B02359372D9109AA007B65A7 /* finentialv1 */ = {
			isa = PBXNativeTarget;
			buildConfigurationList = B023595C2D9109AB007B65A7 /* Build configuration list for PBXNativeTarget "finentialv1" */;
			buildPhases = (
				B02359342D9109AA007B65A7 /* Sources */,
				B02359352D9109AA007B65A7 /* Frameworks */,
				B02359362D9109AA007B65A7 /* Resources */,
			);
			buildRules = (
			);
			dependencies = (
			);
			fileSystemSynchronizedGroups = (
				B023593A2D9109AA007B65A7 /* finentialv1 */,
			);
			name = finentialv1;
			packageProductDependencies = (
			);
			productName = finentialv1;
			productReference = B02359382D9109AA007B65A7 /* finentialv1.app */;
			productType = "com.apple.product-type.application";
		};
		B02359472D9109AB007B65A7 /* finentialv1Tests */ = {
			isa = PBXNativeTarget;
			buildConfigurationList = B023595F2D9109AB007B65A7 /* Build configuration list for PBXNativeTarget "finentialv1Tests" */;
			buildPhases = (
				B02359442D9109AB007B65A7 /* Sources */,
				B02359452D9109AB007B65A7 /* Frameworks */,
				B02359462D9109AB007B65A7 /* Resources */,
			);
			buildRules = (
			);
			dependencies = (
				B023594A2D9109AB007B65A7 /* PBXTargetDependency */,
			);
			fileSystemSynchronizedGroups = (
				B023594B2D9109AB007B65A7 /* finentialv1Tests */,
			);
			name = finentialv1Tests;
			packageProductDependencies = (
			);
			productName = finentialv1Tests;
			productReference = B02359482D9109AB007B65A7 /* finentialv1Tests.xctest */;
			productType = "com.apple.product-type.bundle.unit-test";
		};
		B02359512D9109AB007B65A7 /* finentialv1UITests */ = {
			isa = PBXNativeTarget;
			buildConfigurationList = B02359622D9109AB007B65A7 /* Build configuration list for PBXNativeTarget "finentialv1UITests" */;
			buildPhases = (
				B023594E2D9109AB007B65A7 /* Sources */,
				B023594F2D9109AB007B65A7 /* Frameworks */,
				B02359502D9109AB007B65A7 /* Resources */,
			);
			buildRules = (
			);
			dependencies = (
				B02359542D9109AB007B65A7 /* PBXTargetDependency */,
			);
			fileSystemSynchronizedGroups = (
				B02359552D9109AB007B65A7 /* finentialv1UITests */,
			);
			name = finentialv1UITests;
			packageProductDependencies = (
			);
			productName = finentialv1UITests;
			productReference = B02359522D9109AB007B65A7 /* finentialv1UITests.xctest */;
			productType = "com.apple.product-type.bundle.ui-testing";
		};
/* End PBXNativeTarget section */

/* Begin PBXProject section */
		B02359302D9109A9007B65A7 /* Project object */ = {
			isa = PBXProject;
			attributes = {
				BuildIndependentTargetsInParallel = 1;
				LastSwiftUpdateCheck = 1620;
				LastUpgradeCheck = 1620;
				TargetAttributes = {
					B02359372D9109AA007B65A7 = {
						CreatedOnToolsVersion = 16.2;
					};
					B02359472D9109AB007B65A7 = {
						CreatedOnToolsVersion = 16.2;
						TestTargetID = B02359372D9109AA007B65A7;
					};
					B02359512D9109AB007B65A7 = {
						CreatedOnToolsVersion = 16.2;
						TestTargetID = B02359372D9109AA007B65A7;
					};
				};
			};
			buildConfigurationList = B02359332D9109A9007B65A7 /* Build configuration list for PBXProject "finentialv1" */;
			developmentRegion = en;
			hasScannedForEncodings = 0;
			knownRegions = (
				en,
				Base,
			);
			mainGroup = B023592F2D9109A9007B65A7;
			minimizedProjectReferenceProxies = 1;
			preferredProjectObjectVersion = 77;
			productRefGroup = B02359392D9109AA007B65A7 /* Products */;
			projectDirPath = "";
			projectReferences = (
				{
					ProductGroup = B0D882802DD431D30052CD3F /* Products */;
					ProjectRef = B0D8827F2DD431D30052CD3F /* finentialv1.xcodeproj */;
				},
			);
			projectRoot = "";
			targets = (
				B02359372D9109AA007B65A7 /* finentialv1 */,
				B02359472D9109AB007B65A7 /* finentialv1Tests */,
				B02359512D9109AB007B65A7 /* finentialv1UITests */,
			);
		};
/* End PBXProject section */

/* Begin PBXResourcesBuildPhase section */
		B02359362D9109AA007B65A7 /* Resources */ = {
			isa = PBXResourcesBuildPhase;
			buildActionMask = 2147483647;
			files = (
			);
			runOnlyForDeploymentPostprocessing = 0;
		};
		B02359462D9109AB007B65A7 /* Resources */ = {
			isa = PBXResourcesBuildPhase;
			buildActionMask = 2147483647;
			files = (
			);
			runOnlyForDeploymentPostprocessing = 0;
		};
		B02359502D9109AB007B65A7 /* Resources */ = {
			isa = PBXResourcesBuildPhase;
			buildActionMask = 2147483647;
			files = (
			);
			runOnlyForDeploymentPostprocessing = 0;
		};
/* End PBXResourcesBuildPhase section */

/* Begin PBXSourcesBuildPhase section */
		B02359342D9109AA007B65A7 /* Sources */ = {
			isa = PBXSourcesBuildPhase;
			buildActionMask = 2147483647;
			files = (
			);
			runOnlyForDeploymentPostprocessing = 0;
		};
		B02359442D9109AB007B65A7 /* Sources */ = {
			isa = PBXSourcesBuildPhase;
			buildActionMask = 2147483647;
			files = (
			);
			runOnlyForDeploymentPostprocessing = 0;
		};
		B023594E2D9109AB007B65A7 /* Sources */ = {
			isa = PBXSourcesBuildPhase;
			buildActionMask = 2147483647;
			files = (
			);
			runOnlyForDeploymentPostprocessing = 0;
		};
/* End PBXSourcesBuildPhase section */

/* Begin PBXTargetDependency section */
		B023594A2D9109AB007B65A7 /* PBXTargetDependency */ = {
			isa = PBXTargetDependency;
			target = B02359372D9109AA007B65A7 /* finentialv1 */;
			targetProxy = B02359492D9109AB007B65A7 /* PBXContainerItemProxy */;
		};
		B02359542D9109AB007B65A7 /* PBXTargetDependency */ = {
			isa = PBXTargetDependency;
			target = B02359372D9109AA007B65A7 /* finentialv1 */;
			targetProxy = B02359532D9109AB007B65A7 /* PBXContainerItemProxy */;
		};
/* End PBXTargetDependency section */

/* Begin XCBuildConfiguration section */
		B023595A2D9109AB007B65A7 /* Debug */ = {
			isa = XCBuildConfiguration;
			buildSettings = {
				ALWAYS_SEARCH_USER_PATHS = NO;
				ASSETCATALOG_COMPILER_GENERATE_SWIFT_ASSET_SYMBOL_EXTENSIONS = YES;
				CLANG_ANALYZER_NONNULL = YES;
				CLANG_ANALYZER_NUMBER_OBJECT_CONVERSION = YES_AGGRESSIVE;
				CLANG_CXX_LANGUAGE_STANDARD = "gnu++20";
				CLANG_ENABLE_MODULES = YES;
				CLANG_ENABLE_OBJC_ARC = YES;
				CLANG_ENABLE_OBJC_WEAK = YES;
				CLANG_WARN_BLOCK_CAPTURE_AUTORELEASING = YES;
				CLANG_WARN_BOOL_CONVERSION = YES;
				CLANG_WARN_COMMA = YES;
				CLANG_WARN_CONSTANT_CONVERSION = YES;
				CLANG_WARN_DEPRECATED_OBJC_IMPLEMENTATIONS = YES;
				CLANG_WARN_DIRECT_OBJC_ISA_USAGE = YES_ERROR;
				CLANG_WARN_DOCUMENTATION_COMMENTS = YES;
				CLANG_WARN_EMPTY_BODY = YES;
				CLANG_WARN_ENUM_CONVERSION = YES;
				CLANG_WARN_INFINITE_RECURSION = YES;
				CLANG_WARN_INT_CONVERSION = YES;
				CLANG_WARN_NON_LITERAL_NULL_CONVERSION = YES;
				CLANG_WARN_OBJC_IMPLICIT_RETAIN_SELF = YES;
				CLANG_WARN_OBJC_LITERAL_CONVERSION = YES;
				CLANG_WARN_OBJC_ROOT_CLASS = YES_ERROR;
				CLANG_WARN_QUOTED_INCLUDE_IN_FRAMEWORK_HEADER = YES;
				CLANG_WARN_RANGE_LOOP_ANALYSIS = YES;
				CLANG_WARN_STRICT_PROTOTYPES = YES;
				CLANG_WARN_SUSPICIOUS_MOVE = YES;
				CLANG_WARN_UNGUARDED_AVAILABILITY = YES_AGGRESSIVE;
				CLANG_WARN_UNREACHABLE_CODE = YES;
				CLANG_WARN__DUPLICATE_METHOD_MATCH = YES;
				COPY_PHASE_STRIP = NO;
				DEBUG_INFORMATION_FORMAT = dwarf;
				ENABLE_STRICT_OBJC_MSGSEND = YES;
				ENABLE_TESTABILITY = YES;
				ENABLE_USER_SCRIPT_SANDBOXING = YES;
				GCC_C_LANGUAGE_STANDARD = gnu17;
				GCC_DYNAMIC_NO_PIC = NO;
				GCC_NO_COMMON_BLOCKS = YES;
				GCC_OPTIMIZATION_LEVEL = 0;
				GCC_PREPROCESSOR_DEFINITIONS = (
					"DEBUG=1",
					"$(inherited)",
				);
				GCC_WARN_64_TO_32_BIT_CONVERSION = YES;
				GCC_WARN_ABOUT_RETURN_TYPE = YES_ERROR;
				GCC_WARN_UNDECLARED_SELECTOR = YES;
				GCC_WARN_UNINITIALIZED_AUTOS = YES_AGGRESSIVE;
				GCC_WARN_UNUSED_FUNCTION = YES;
				GCC_WARN_UNUSED_VARIABLE = YES;
				IPHONEOS_DEPLOYMENT_TARGET = 18.2;
				LOCALIZATION_PREFERS_STRING_CATALOGS = YES;
				MTL_ENABLE_DEBUG_INFO = INCLUDE_SOURCE;
				MTL_FAST_MATH = YES;
				ONLY_ACTIVE_ARCH = YES;
				SDKROOT = iphoneos;
				SWIFT_ACTIVE_COMPILATION_CONDITIONS = "DEBUG $(inherited)";
				SWIFT_OPTIMIZATION_LEVEL = "-Onone";
			};
			name = Debug;
		};
		B023595B2D9109AB007B65A7 /* Release */ = {
			isa = XCBuildConfiguration;
			buildSettings = {
				ALWAYS_SEARCH_USER_PATHS = NO;
				ASSETCATALOG_COMPILER_GENERATE_SWIFT_ASSET_SYMBOL_EXTENSIONS = YES;
				CLANG_ANALYZER_NONNULL = YES;
				CLANG_ANALYZER_NUMBER_OBJECT_CONVERSION = YES_AGGRESSIVE;
				CLANG_CXX_LANGUAGE_STANDARD = "gnu++20";
				CLANG_ENABLE_MODULES = YES;
				CLANG_ENABLE_OBJC_ARC = YES;
				CLANG_ENABLE_OBJC_WEAK = YES;
				CLANG_WARN_BLOCK_CAPTURE_AUTORELEASING = YES;
				CLANG_WARN_BOOL_CONVERSION = YES;
				CLANG_WARN_COMMA = YES;
				CLANG_WARN_CONSTANT_CONVERSION = YES;
				CLANG_WARN_DEPRECATED_OBJC_IMPLEMENTATIONS = YES;
				CLANG_WARN_DIRECT_OBJC_ISA_USAGE = YES_ERROR;
				CLANG_WARN_DOCUMENTATION_COMMENTS = YES;
				CLANG_WARN_EMPTY_BODY = YES;
				CLANG_WARN_ENUM_CONVERSION = YES;
				CLANG_WARN_INFINITE_RECURSION = YES;
				CLANG_WARN_INT_CONVERSION = YES;
				CLANG_WARN_NON_LITERAL_NULL_CONVERSION = YES;
				CLANG_WARN_OBJC_IMPLICIT_RETAIN_SELF = YES;
				CLANG_WARN_OBJC_LITERAL_CONVERSION = YES;
				CLANG_WARN_OBJC_ROOT_CLASS = YES_ERROR;
				CLANG_WARN_QUOTED_INCLUDE_IN_FRAMEWORK_HEADER = YES;
				CLANG_WARN_RANGE_LOOP_ANALYSIS = YES;
				CLANG_WARN_STRICT_PROTOTYPES = YES;
				CLANG_WARN_SUSPICIOUS_MOVE = YES;
				CLANG_WARN_UNGUARDED_AVAILABILITY = YES_AGGRESSIVE;
				CLANG_WARN_UNREACHABLE_CODE = YES;
				CLANG_WARN__DUPLICATE_METHOD_MATCH = YES;
				COPY_PHASE_STRIP = NO;
				DEBUG_INFORMATION_FORMAT = "dwarf-with-dsym";
				ENABLE_NS_ASSERTIONS = NO;
				ENABLE_STRICT_OBJC_MSGSEND = YES;
				ENABLE_USER_SCRIPT_SANDBOXING = YES;
				GCC_C_LANGUAGE_STANDARD = gnu17;
				GCC_NO_COMMON_BLOCKS = YES;
				GCC_WARN_64_TO_32_BIT_CONVERSION = YES;
				GCC_WARN_ABOUT_RETURN_TYPE = YES_ERROR;
				GCC_WARN_UNDECLARED_SELECTOR = YES;
				GCC_WARN_UNINITIALIZED_AUTOS = YES_AGGRESSIVE;
				GCC_WARN_UNUSED_FUNCTION = YES;
				GCC_WARN_UNUSED_VARIABLE = YES;
				IPHONEOS_DEPLOYMENT_TARGET = 18.2;
				LOCALIZATION_PREFERS_STRING_CATALOGS = YES;
				MTL_ENABLE_DEBUG_INFO = NO;
				MTL_FAST_MATH = YES;
				SDKROOT = iphoneos;
				SWIFT_COMPILATION_MODE = wholemodule;
				VALIDATE_PRODUCT = YES;
			};
			name = Release;
		};
		B023595D2D9109AB007B65A7 /* Debug */ = {
			isa = XCBuildConfiguration;
			buildSettings = {
				ASSETCATALOG_COMPILER_APPICON_NAME = AppIcon;
				ASSETCATALOG_COMPILER_GLOBAL_ACCENT_COLOR_NAME = AccentColor;
				CODE_SIGN_STYLE = Automatic;
				CURRENT_PROJECT_VERSION = 1;
				DEVELOPMENT_ASSET_PATHS = "\"finentialv1/Preview Content\"";
				DEVELOPMENT_TEAM = J8C27M6HWA;
				ENABLE_PREVIEWS = YES;
				GENERATE_INFOPLIST_FILE = YES;
				INFOPLIST_KEY_UIApplicationSceneManifest_Generation = YES;
				INFOPLIST_KEY_UIApplicationSupportsIndirectInputEvents = YES;
				INFOPLIST_KEY_UILaunchScreen_Generation = YES;
				INFOPLIST_KEY_UISupportedInterfaceOrientations_iPad = "UIInterfaceOrientationPortrait UIInterfaceOrientationPortraitUpsideDown UIInterfaceOrientationLandscapeLeft UIInterfaceOrientationLandscapeRight";
				INFOPLIST_KEY_UISupportedInterfaceOrientations_iPhone = "UIInterfaceOrientationPortrait UIInterfaceOrientationLandscapeLeft UIInterfaceOrientationLandscapeRight";
				LD_RUNPATH_SEARCH_PATHS = (
					"$(inherited)",
					"@executable_path/Frameworks",
				);
				MARKETING_VERSION = 1.0;
				PRODUCT_BUNDLE_IDENTIFIER = com.leo.finentialv1;
				PRODUCT_NAME = "$(TARGET_NAME)";
				SWIFT_EMIT_LOC_STRINGS = YES;
				SWIFT_VERSION = 5.0;
				TARGETED_DEVICE_FAMILY = "1,2";
			};
			name = Debug;
		};
		B023595E2D9109AB007B65A7 /* Release */ = {
			isa = XCBuildConfiguration;
			buildSettings = {
				ASSETCATALOG_COMPILER_APPICON_NAME = AppIcon;
				ASSETCATALOG_COMPILER_GLOBAL_ACCENT_COLOR_NAME = AccentColor;
				CODE_SIGN_STYLE = Automatic;
				CURRENT_PROJECT_VERSION = 1;
				DEVELOPMENT_ASSET_PATHS = "\"finentialv1/Preview Content\"";
				DEVELOPMENT_TEAM = J8C27M6HWA;
				ENABLE_PREVIEWS = YES;
				GENERATE_INFOPLIST_FILE = YES;
				INFOPLIST_KEY_UIApplicationSceneManifest_Generation = YES;
				INFOPLIST_KEY_UIApplicationSupportsIndirectInputEvents = YES;
				INFOPLIST_KEY_UILaunchScreen_Generation = YES;
				INFOPLIST_KEY_UISupportedInterfaceOrientations_iPad = "UIInterfaceOrientationPortrait UIInterfaceOrientationPortraitUpsideDown UIInterfaceOrientationLandscapeLeft UIInterfaceOrientationLandscapeRight";
				INFOPLIST_KEY_UISupportedInterfaceOrientations_iPhone = "UIInterfaceOrientationPortrait UIInterfaceOrientationLandscapeLeft UIInterfaceOrientationLandscapeRight";
				LD_RUNPATH_SEARCH_PATHS = (
					"$(inherited)",
					"@executable_path/Frameworks",
				);
				MARKETING_VERSION = 1.0;
				PRODUCT_BUNDLE_IDENTIFIER = com.leo.finentialv1;
				PRODUCT_NAME = "$(TARGET_NAME)";
				SWIFT_EMIT_LOC_STRINGS = YES;
				SWIFT_VERSION = 5.0;
				TARGETED_DEVICE_FAMILY = "1,2";
			};
			name = Release;
		};
		B02359602D9109AB007B65A7 /* Debug */ = {
			isa = XCBuildConfiguration;
			buildSettings = {
				BUNDLE_LOADER = "$(TEST_HOST)";
				CODE_SIGN_STYLE = Automatic;
				CURRENT_PROJECT_VERSION = 1;
				DEVELOPMENT_TEAM = J8C27M6HWA;
				GENERATE_INFOPLIST_FILE = YES;
				IPHONEOS_DEPLOYMENT_TARGET = 18.2;
				MARKETING_VERSION = 1.0;
				PRODUCT_BUNDLE_IDENTIFIER = com.leo.finentialv1Tests;
				PRODUCT_NAME = "$(TARGET_NAME)";
				SWIFT_EMIT_LOC_STRINGS = NO;
				SWIFT_VERSION = 5.0;
				TARGETED_DEVICE_FAMILY = "1,2";
				TEST_HOST = "$(BUILT_PRODUCTS_DIR)/finentialv1.app/$(BUNDLE_EXECUTABLE_FOLDER_PATH)/finentialv1";
			};
			name = Debug;
		};
		B02359612D9109AB007B65A7 /* Release */ = {
			isa = XCBuildConfiguration;
			buildSettings = {
				BUNDLE_LOADER = "$(TEST_HOST)";
				CODE_SIGN_STYLE = Automatic;
				CURRENT_PROJECT_VERSION = 1;
				DEVELOPMENT_TEAM = J8C27M6HWA;
				GENERATE_INFOPLIST_FILE = YES;
				IPHONEOS_DEPLOYMENT_TARGET = 18.2;
				MARKETING_VERSION = 1.0;
				PRODUCT_BUNDLE_IDENTIFIER = com.leo.finentialv1Tests;
				PRODUCT_NAME = "$(TARGET_NAME)";
				SWIFT_EMIT_LOC_STRINGS = NO;
				SWIFT_VERSION = 5.0;
				TARGETED_DEVICE_FAMILY = "1,2";
				TEST_HOST = "$(BUILT_PRODUCTS_DIR)/finentialv1.app/$(BUNDLE_EXECUTABLE_FOLDER_PATH)/finentialv1";
			};
			name = Release;
		};
		B02359632D9109AB007B65A7 /* Debug */ = {
			isa = XCBuildConfiguration;
			buildSettings = {
				CODE_SIGN_STYLE = Automatic;
				CURRENT_PROJECT_VERSION = 1;
				DEVELOPMENT_TEAM = J8C27M6HWA;
				GENERATE_INFOPLIST_FILE = YES;
				MARKETING_VERSION = 1.0;
				PRODUCT_BUNDLE_IDENTIFIER = com.leo.finentialv1UITests;
				PRODUCT_NAME = "$(TARGET_NAME)";
				SWIFT_EMIT_LOC_STRINGS = NO;
				SWIFT_VERSION = 5.0;
				TARGETED_DEVICE_FAMILY = "1,2";
				TEST_TARGET_NAME = finentialv1;
			};
			name = Debug;
		};
		B02359642D9109AB007B65A7 /* Release */ = {
			isa = XCBuildConfiguration;
			buildSettings = {
				CODE_SIGN_STYLE = Automatic;
				CURRENT_PROJECT_VERSION = 1;
				DEVELOPMENT_TEAM = J8C27M6HWA;
				GENERATE_INFOPLIST_FILE = YES;
				MARKETING_VERSION = 1.0;
				PRODUCT_BUNDLE_IDENTIFIER = com.leo.finentialv1UITests;
				PRODUCT_NAME = "$(TARGET_NAME)";
				SWIFT_EMIT_LOC_STRINGS = NO;
				SWIFT_VERSION = 5.0;
				TARGETED_DEVICE_FAMILY = "1,2";
				TEST_TARGET_NAME = finentialv1;
			};
			name = Release;
		};
/* End XCBuildConfiguration section */

/* Begin XCConfigurationList section */
		B02359332D9109A9007B65A7 /* Build configuration list for PBXProject "finentialv1" */ = {
			isa = XCConfigurationList;
			buildConfigurations = (
				B023595A2D9109AB007B65A7 /* Debug */,
				B023595B2D9109AB007B65A7 /* Release */,
			);
			defaultConfigurationIsVisible = 0;
			defaultConfigurationName = Release;
		};
		B023595C2D9109AB007B65A7 /* Build configuration list for PBXNativeTarget "finentialv1" */ = {
			isa = XCConfigurationList;
			buildConfigurations = (
				B023595D2D9109AB007B65A7 /* Debug */,
				B023595E2D9109AB007B65A7 /* Release */,
			);
			defaultConfigurationIsVisible = 0;
			defaultConfigurationName = Release;
		};
		B023595F2D9109AB007B65A7 /* Build configuration list for PBXNativeTarget "finentialv1Tests" */ = {
			isa = XCConfigurationList;
			buildConfigurations = (
				B02359602D9109AB007B65A7 /* Debug */,
				B02359612D9109AB007B65A7 /* Release */,
			);
			defaultConfigurationIsVisible = 0;
			defaultConfigurationName = Release;
		};
		B02359622D9109AB007B65A7 /* Build configuration list for PBXNativeTarget "finentialv1UITests" */ = {
			isa = XCConfigurationList;
			buildConfigurations = (
				B02359632D9109AB007B65A7 /* Debug */,
				B02359642D9109AB007B65A7 /* Release */,
			);
			defaultConfigurationIsVisible = 0;
			defaultConfigurationName = Release;
		};
/* End XCConfigurationList section */
	};
	rootObject = B02359302D9109A9007B65A7 /* Project object */;
}
